
Microsoft Visual Studio Solution File, Format Version 12.00
# Visual Studio Version 17
VisualStudioVersion = 17.9.34607.119
MinimumVisualStudioVersion = 10.0.40219.1
Project("{FAE04EC0-301F-11D3-BF4B-00C04F79EFBC}") = "APINUMERO3", "APINUMERO3.csproj", "{A9C4625E-0C2E-4013-A712-1706581C2729}"
EndProject
Global
	GlobalSection(SolutionConfigurationPlatforms) = preSolution
		Debug|Any CPU = Debug|Any CPU
		Release|Any CPU = Release|Any CPU
	EndGlobalSection
	GlobalSection(ProjectConfigurationPlatforms) = postSolution
		{A9C4625E-0C2E-4013-A712-1706581C2729}.Debug|Any CPU.ActiveCfg = Debug|Any CPU
		{A9C4625E-0C2E-4013-A712-1706581C2729}.Debug|Any CPU.Build.0 = Debug|Any CPU
		{A9C4625E-0C2E-4013-A712-1706581C2729}.Release|Any CPU.ActiveCfg = Release|Any CPU
		{A9C4625E-0C2E-4013-A712-1706581C2729}.Release|Any CPU.Build.0 = Release|Any CPU
	EndGlobalSection
	GlobalSection(SolutionProperties) = preSolution
		HideSolutionNode = FALSE
	EndGlobalSection
	GlobalSection(ExtensibilityGlobals) = postSolution
		SolutionGuid = {756C930B-107A-4FF0-9B0A-FFF5E7838D43}
	EndGlobalSection
EndGlobal
